
Microsoft Visual Studio Solution File, Format Version 12.00
# Visual Studio Version 17
VisualStudioVersion = 17.4.33213.308
MinimumVisualStudioVersion = 10.0.40219.1
Project("{FAE04EC0-301F-11D3-BF4B-00C04F79EFBC}") = "NotHibernate", "NotHibernate.csproj", "{4DEAF044-A0F7-474E-A006-B64496DD6308}"
EndProject
Global
	GlobalSection(SolutionConfigurationPlatforms) = preSolution
		Debug|Any CPU = Debug|Any CPU
		Release|Any CPU = Release|Any CPU
	EndGlobalSection
	GlobalSection(ProjectConfigurationPlatforms) = postSolution
		{4DEAF044-A0F7-474E-A006-B64496DD6308}.Debug|Any CPU.ActiveCfg = Debug|Any CPU
		{4DEAF044-A0F7-474E-A006-B64496DD6308}.Debug|Any CPU.Build.0 = Debug|Any CPU
		{4DEAF044-A0F7-474E-A006-B64496DD6308}.Release|Any CPU.ActiveCfg = Release|Any CPU
		{4DEAF044-A0F7-474E-A006-B64496DD6308}.Release|Any CPU.Build.0 = Release|Any CPU
	EndGlobalSection
	GlobalSection(SolutionProperties) = preSolution
		HideSolutionNode = FALSE
	EndGlobalSection
	GlobalSection(ExtensibilityGlobals) = postSolution
		SolutionGuid = {8EBFC90C-854D-4761-AB47-E34946A174B2}
	EndGlobalSection
EndGlobal
